
Microsoft Visual Studio Solution File, Format Version 12.00
# Visual Studio Version 17
VisualStudioVersion = 17.5.002.0
MinimumVisualStudioVersion = 10.0.40219.1
Project("{9A19103F-16F7-4668-BE54-9A1E7A4F7556}") = "InheritanceAndMethodOverriding", "InheritanceAndMethodOverriding.csproj", "{BD3D61E0-5344-419D-A213-95FA25AE2BCB}"
EndProject
Global
	GlobalSection(SolutionConfigurationPlatforms) = preSolution
		Debug|Any CPU = Debug|Any CPU
		Release|Any CPU = Release|Any CPU
	EndGlobalSection
	GlobalSection(ProjectConfigurationPlatforms) = postSolution
		{BD3D61E0-5344-419D-A213-95FA25AE2BCB}.Debug|Any CPU.ActiveCfg = Debug|Any CPU
		{BD3D61E0-5344-419D-A213-95FA25AE2BCB}.Debug|Any CPU.Build.0 = Debug|Any CPU
		{BD3D61E0-5344-419D-A213-95FA25AE2BCB}.Release|Any CPU.ActiveCfg = Release|Any CPU
		{BD3D61E0-5344-419D-A213-95FA25AE2BCB}.Release|Any CPU.Build.0 = Release|Any CPU
	EndGlobalSection
	GlobalSection(SolutionProperties) = preSolution
		HideSolutionNode = FALSE
	EndGlobalSection
	GlobalSection(ExtensibilityGlobals) = postSolution
		SolutionGuid = {6A84D4B7-4901-4481-AE13-63EEE80D50F1}
	EndGlobalSection
EndGlobal
